
Microsoft Visual Studio Solution File, Format Version 12.00
# Visual Studio Version 17
VisualStudioVersion = 17.14.36203.30 d17.14
MinimumVisualStudioVersion = 10.0.40219.1
Project("{FAE04EC0-301F-11D3-BF4B-00C04F79EFBC}") = "TodoList.App", "todo-mvc-dotnet-console\TodoList.App.csproj", "{17E12DF4-BBA1-4E70-84CB-C2368A003476}"
EndProject
Global
	GlobalSection(SolutionConfigurationPlatforms) = preSolution
		Debug|Any CPU = Debug|Any CPU
		Release|Any CPU = Release|Any CPU
	EndGlobalSection
	GlobalSection(ProjectConfigurationPlatforms) = postSolution
		{17E12DF4-BBA1-4E70-84CB-C2368A003476}.Debug|Any CPU.ActiveCfg = Debug|Any CPU
		{17E12DF4-BBA1-4E70-84CB-C2368A003476}.Debug|Any CPU.Build.0 = Debug|Any CPU
		{17E12DF4-BBA1-4E70-84CB-C2368A003476}.Release|Any CPU.ActiveCfg = Release|Any CPU
		{17E12DF4-BBA1-4E70-84CB-C2368A003476}.Release|Any CPU.Build.0 = Release|Any CPU
	EndGlobalSection
	GlobalSection(SolutionProperties) = preSolution
		HideSolutionNode = FALSE
	EndGlobalSection
	GlobalSection(ExtensibilityGlobals) = postSolution
		SolutionGuid = {B3B3F93C-924E-4E7D-8D25-ED8A9B371AF7}
	EndGlobalSection
EndGlobal
